
Microsoft Visual Studio Solution File, Format Version 12.00
# Visual Studio Version 17
VisualStudioVersion = 17.2.32516.85
MinimumVisualStudioVersion = 10.0.40219.1
Project("{FAE04EC0-301F-11D3-BF4B-00C04F79EFBC}") = "DigitalDisplay", "DigitalDisplay\DigitalDisplay.csproj", "{4B063D35-E038-4EF0-A579-5AC269590E79}"
EndProject
Project("{FAE04EC0-301F-11D3-BF4B-00C04F79EFBC}") = "UnitTests", "UnitTests\UnitTests.csproj", "{E2B4E23D-28A1-48C8-A119-1CF4688A449E}"
EndProject
Global
	GlobalSection(SolutionConfigurationPlatforms) = preSolution
		Debug|Any CPU = Debug|Any CPU
		Release|Any CPU = Release|Any CPU
	EndGlobalSection
	GlobalSection(ProjectConfigurationPlatforms) = postSolution
		{4B063D35-E038-4EF0-A579-5AC269590E79}.Debug|Any CPU.ActiveCfg = Debug|Any CPU
		{4B063D35-E038-4EF0-A579-5AC269590E79}.Debug|Any CPU.Build.0 = Debug|Any CPU
		{4B063D35-E038-4EF0-A579-5AC269590E79}.Release|Any CPU.ActiveCfg = Release|Any CPU
		{4B063D35-E038-4EF0-A579-5AC269590E79}.Release|Any CPU.Build.0 = Release|Any CPU
		{E2B4E23D-28A1-48C8-A119-1CF4688A449E}.Debug|Any CPU.ActiveCfg = Debug|Any CPU
		{E2B4E23D-28A1-48C8-A119-1CF4688A449E}.Debug|Any CPU.Build.0 = Debug|Any CPU
		{E2B4E23D-28A1-48C8-A119-1CF4688A449E}.Release|Any CPU.ActiveCfg = Release|Any CPU
		{E2B4E23D-28A1-48C8-A119-1CF4688A449E}.Release|Any CPU.Build.0 = Release|Any CPU
	EndGlobalSection
	GlobalSection(SolutionProperties) = preSolution
		HideSolutionNode = FALSE
	EndGlobalSection
	GlobalSection(ExtensibilityGlobals) = postSolution
		SolutionGuid = {C12463C3-082F-408A-9DB1-9D22211E485D}
	EndGlobalSection
EndGlobal
